
Microsoft Visual Studio Solution File, Format Version 12.00
# Visual Studio Version 17
VisualStudioVersion = 17.0.32014.148
MinimumVisualStudioVersion = 10.0.40219.1
Project("{FAE04EC0-301F-11D3-BF4B-00C04F79EFBC}") = "Shop.Objects", "Objects\Shop.Objects.csproj", "{5A02FF2E-E5F0-46C2-BEBD-CAEBC5573DBA}"
EndProject
Project("{FAE04EC0-301F-11D3-BF4B-00C04F79EFBC}") = "Shop.ODataBackend", "ODataBackend\Shop.ODataBackend.csproj", "{C395FD6E-CDE4-4332-AF8F-2CA065609D54}"
EndProject
Project("{FAE04EC0-301F-11D3-BF4B-00C04F79EFBC}") = "Shop.BusinessServers", "BusinessServers\Shop.BusinessServers.csproj", "{90434DC3-D1B6-44FD-B7F6-FBC1A620C486}"
EndProject
Global
	GlobalSection(SolutionConfigurationPlatforms) = preSolution
		Debug|Any CPU = Debug|Any CPU
		Release|Any CPU = Release|Any CPU
	EndGlobalSection
	GlobalSection(ProjectConfigurationPlatforms) = postSolution
		{5A02FF2E-E5F0-46C2-BEBD-CAEBC5573DBA}.Debug|Any CPU.ActiveCfg = Debug|Any CPU
		{5A02FF2E-E5F0-46C2-BEBD-CAEBC5573DBA}.Debug|Any CPU.Build.0 = Debug|Any CPU
		{5A02FF2E-E5F0-46C2-BEBD-CAEBC5573DBA}.Release|Any CPU.ActiveCfg = Release|Any CPU
		{5A02FF2E-E5F0-46C2-BEBD-CAEBC5573DBA}.Release|Any CPU.Build.0 = Release|Any CPU
		{C395FD6E-CDE4-4332-AF8F-2CA065609D54}.Debug|Any CPU.ActiveCfg = Debug|Any CPU
		{C395FD6E-CDE4-4332-AF8F-2CA065609D54}.Debug|Any CPU.Build.0 = Debug|Any CPU
		{C395FD6E-CDE4-4332-AF8F-2CA065609D54}.Release|Any CPU.ActiveCfg = Release|Any CPU
		{C395FD6E-CDE4-4332-AF8F-2CA065609D54}.Release|Any CPU.Build.0 = Release|Any CPU
		{90434DC3-D1B6-44FD-B7F6-FBC1A620C486}.Debug|Any CPU.ActiveCfg = Debug|Any CPU
		{90434DC3-D1B6-44FD-B7F6-FBC1A620C486}.Debug|Any CPU.Build.0 = Debug|Any CPU
		{90434DC3-D1B6-44FD-B7F6-FBC1A620C486}.Release|Any CPU.ActiveCfg = Release|Any CPU
		{90434DC3-D1B6-44FD-B7F6-FBC1A620C486}.Release|Any CPU.Build.0 = Release|Any CPU
	EndGlobalSection
	GlobalSection(SolutionProperties) = preSolution
		HideSolutionNode = FALSE
	EndGlobalSection
	GlobalSection(ExtensibilityGlobals) = postSolution
		SolutionGuid = {B76CFEC6-6607-4D02-B457-10C2164268A1}
	EndGlobalSection
EndGlobal
